version = 1
revision = 3
requires-python = ">=3.12"

[[package]]
name = "a4s-plugin-interface"
version = "0.1.0"
source = { editable = "../a4s-plugin-interface" }

[[package]]
name = "a4s-plugin-manager"
version = "0.1.0"
source = { virtual = "." }
dependencies = [
    { name = "a4s-plugin-interface" },
]

[package.metadata]
requires-dist = [{ name = "a4s-plugin-interface", editable = "../a4s-plugin-interface" }]
